
Microsoft Visual Studio Solution File, Format Version 12.00
# Visual Studio 2012
Project("{FAE04EC0-301F-11D3-BF4B-00C04F79EFBC}") = "Trackboard", "Trackboard\Trackboard.csproj", "{B8D8B6EB-D224-4362-87AC-4CD54E2F427A}"
EndProject
Global
	GlobalSection(SolutionConfigurationPlatforms) = preSolution
		Debug|Any CPU = Debug|Any CPU
		Release|Any CPU = Release|Any CPU
	EndGlobalSection
	GlobalSection(ProjectConfigurationPlatforms) = postSolution
		{B8D8B6EB-D224-4362-87AC-4CD54E2F427A}.Debug|Any CPU.ActiveCfg = Debug|Any CPU
		{B8D8B6EB-D224-4362-87AC-4CD54E2F427A}.Debug|Any CPU.Build.0 = Debug|Any CPU
		{B8D8B6EB-D224-4362-87AC-4CD54E2F427A}.Release|Any CPU.ActiveCfg = Release|Any CPU
		{B8D8B6EB-D224-4362-87AC-4CD54E2F427A}.Release|Any CPU.Build.0 = Release|Any CPU
	EndGlobalSection
	GlobalSection(SolutionProperties) = preSolution
		HideSolutionNode = FALSE
	EndGlobalSection
EndGlobal
